
Microsoft Visual Studio Solution File, Format Version 12.00
# Visual Studio Version 17
VisualStudioVersion = 17.2.32526.322
MinimumVisualStudioVersion = 10.0.40219.1
Project("{9A19103F-16F7-4668-BE54-9A1E7A4F7556}") = "Mt.Application", "Mt.Application\Mt.Application.csproj", "{C66915F3-ACC3-4079-8989-C7E90DE32F78}"
EndProject
Project("{9A19103F-16F7-4668-BE54-9A1E7A4F7556}") = "Mt.Infra", "Mt.Infra\Mt.Infra.csproj", "{8D54B362-0626-49EB-A7FC-30F1A05193E6}"
EndProject
Project("{9A19103F-16F7-4668-BE54-9A1E7A4F7556}") = "Mt.Domain", "Mt.Domain\Mt.Domain.csproj", "{1CCDDABE-4348-4276-8872-CCBC0AAB5D0A}"
EndProject
Project("{2150E333-8FDC-42A3-9474-1A3956D46DE8}") = "Solution Items", "Solution Items", "{A82D09FF-7313-4FF0-8D60-0DB703D78DD8}"
	ProjectSection(SolutionItems) = preProject
		Notes.txt = Notes.txt
		StartAngular.ps1 = StartAngular.ps1
	EndProjectSection
EndProject
Project("{9A19103F-16F7-4668-BE54-9A1E7A4F7556}") = "Mt.Api", "Mt.Api\Mt.Api.csproj", "{69852732-74C0-4138-A1DE-7F2481A042D0}"
EndProject
Project("{9A19103F-16F7-4668-BE54-9A1E7A4F7556}") = "Mt.Identity", "Mt.Identity\Mt.Identity.csproj", "{A2B6C6E0-889E-4583-98ED-F3BA0E1204AD}"
EndProject
Project("{9A19103F-16F7-4668-BE54-9A1E7A4F7556}") = "Mt.SeedWork", "Mt.SeedWork\Mt.SeedWork.csproj", "{2D525F18-AD49-4BD5-A6E6-A8B42BF7B1EF}"
EndProject
Project("{9A19103F-16F7-4668-BE54-9A1E7A4F7556}") = "Mt.BFF", "Mt.BFF\Mt.BFF.csproj", "{BCAB2990-6004-4638-9C08-7C4BBB2F8745}"
EndProject
Project("{2150E333-8FDC-42A3-9474-1A3956D46DE8}") = "src", "src", "{E16495E5-CD1F-431F-8179-E424B043043C}"
EndProject
Project("{9A19103F-16F7-4668-BE54-9A1E7A4F7556}") = "Mt.AngularFront", "Mt.AngularFront\Mt.AngularFront.csproj", "{25C09878-8783-451D-9AA7-D1A5FBB54419}"
EndProject
Global
	GlobalSection(SolutionConfigurationPlatforms) = preSolution
		Debug|Any CPU = Debug|Any CPU
		Release|Any CPU = Release|Any CPU
	EndGlobalSection
	GlobalSection(ProjectConfigurationPlatforms) = postSolution
		{C66915F3-ACC3-4079-8989-C7E90DE32F78}.Debug|Any CPU.ActiveCfg = Debug|Any CPU
		{C66915F3-ACC3-4079-8989-C7E90DE32F78}.Debug|Any CPU.Build.0 = Debug|Any CPU
		{C66915F3-ACC3-4079-8989-C7E90DE32F78}.Release|Any CPU.ActiveCfg = Release|Any CPU
		{C66915F3-ACC3-4079-8989-C7E90DE32F78}.Release|Any CPU.Build.0 = Release|Any CPU
		{8D54B362-0626-49EB-A7FC-30F1A05193E6}.Debug|Any CPU.ActiveCfg = Debug|Any CPU
		{8D54B362-0626-49EB-A7FC-30F1A05193E6}.Debug|Any CPU.Build.0 = Debug|Any CPU
		{8D54B362-0626-49EB-A7FC-30F1A05193E6}.Release|Any CPU.ActiveCfg = Release|Any CPU
		{8D54B362-0626-49EB-A7FC-30F1A05193E6}.Release|Any CPU.Build.0 = Release|Any CPU
		{1CCDDABE-4348-4276-8872-CCBC0AAB5D0A}.Debug|Any CPU.ActiveCfg = Debug|Any CPU
		{1CCDDABE-4348-4276-8872-CCBC0AAB5D0A}.Debug|Any CPU.Build.0 = Debug|Any CPU
		{1CCDDABE-4348-4276-8872-CCBC0AAB5D0A}.Release|Any CPU.ActiveCfg = Release|Any CPU
		{1CCDDABE-4348-4276-8872-CCBC0AAB5D0A}.Release|Any CPU.Build.0 = Release|Any CPU
		{69852732-74C0-4138-A1DE-7F2481A042D0}.Debug|Any CPU.ActiveCfg = Debug|Any CPU
		{69852732-74C0-4138-A1DE-7F2481A042D0}.Debug|Any CPU.Build.0 = Debug|Any CPU
		{69852732-74C0-4138-A1DE-7F2481A042D0}.Release|Any CPU.ActiveCfg = Release|Any CPU
		{69852732-74C0-4138-A1DE-7F2481A042D0}.Release|Any CPU.Build.0 = Release|Any CPU
		{A2B6C6E0-889E-4583-98ED-F3BA0E1204AD}.Debug|Any CPU.ActiveCfg = Debug|Any CPU
		{A2B6C6E0-889E-4583-98ED-F3BA0E1204AD}.Debug|Any CPU.Build.0 = Debug|Any CPU
		{A2B6C6E0-889E-4583-98ED-F3BA0E1204AD}.Release|Any CPU.ActiveCfg = Release|Any CPU
		{A2B6C6E0-889E-4583-98ED-F3BA0E1204AD}.Release|Any CPU.Build.0 = Release|Any CPU
		{2D525F18-AD49-4BD5-A6E6-A8B42BF7B1EF}.Debug|Any CPU.ActiveCfg = Debug|Any CPU
		{2D525F18-AD49-4BD5-A6E6-A8B42BF7B1EF}.Debug|Any CPU.Build.0 = Debug|Any CPU
		{2D525F18-AD49-4BD5-A6E6-A8B42BF7B1EF}.Release|Any CPU.ActiveCfg = Release|Any CPU
		{2D525F18-AD49-4BD5-A6E6-A8B42BF7B1EF}.Release|Any CPU.Build.0 = Release|Any CPU
		{BCAB2990-6004-4638-9C08-7C4BBB2F8745}.Debug|Any CPU.ActiveCfg = Debug|Any CPU
		{BCAB2990-6004-4638-9C08-7C4BBB2F8745}.Debug|Any CPU.Build.0 = Debug|Any CPU
		{BCAB2990-6004-4638-9C08-7C4BBB2F8745}.Release|Any CPU.ActiveCfg = Release|Any CPU
		{BCAB2990-6004-4638-9C08-7C4BBB2F8745}.Release|Any CPU.Build.0 = Release|Any CPU
		{25C09878-8783-451D-9AA7-D1A5FBB54419}.Debug|Any CPU.ActiveCfg = Debug|Any CPU
		{25C09878-8783-451D-9AA7-D1A5FBB54419}.Debug|Any CPU.Build.0 = Debug|Any CPU
		{25C09878-8783-451D-9AA7-D1A5FBB54419}.Release|Any CPU.ActiveCfg = Release|Any CPU
		{25C09878-8783-451D-9AA7-D1A5FBB54419}.Release|Any CPU.Build.0 = Release|Any CPU
	EndGlobalSection
	GlobalSection(SolutionProperties) = preSolution
		HideSolutionNode = FALSE
	EndGlobalSection
	GlobalSection(NestedProjects) = preSolution
		{C66915F3-ACC3-4079-8989-C7E90DE32F78} = {E16495E5-CD1F-431F-8179-E424B043043C}
		{8D54B362-0626-49EB-A7FC-30F1A05193E6} = {E16495E5-CD1F-431F-8179-E424B043043C}
		{1CCDDABE-4348-4276-8872-CCBC0AAB5D0A} = {E16495E5-CD1F-431F-8179-E424B043043C}
		{69852732-74C0-4138-A1DE-7F2481A042D0} = {E16495E5-CD1F-431F-8179-E424B043043C}
		{2D525F18-AD49-4BD5-A6E6-A8B42BF7B1EF} = {E16495E5-CD1F-431F-8179-E424B043043C}
	EndGlobalSection
	GlobalSection(ExtensibilityGlobals) = postSolution
		SolutionGuid = {38C5C3D8-7935-40A3-894F-55AAF68881B4}
	EndGlobalSection
EndGlobal
